
Microsoft Visual Studio Solution File, Format Version 12.00
# Visual Studio 15
VisualStudioVersion = 15.0.28307.902
MinimumVisualStudioVersion = 10.0.40219.1
Project("{FAE04EC0-301F-11D3-BF4B-00C04F79EFBC}") = "WS_Agent", "WS_Agent\WS_Agent.csproj", "{2BAB180D-6A52-4E2E-8A16-B4E469CA90C8}"
EndProject
Project("{FAE04EC0-301F-11D3-BF4B-00C04F79EFBC}") = "ManagementCenter", "ManagementCenter\ManagementCenter.csproj", "{379C2D4E-ADC8-4998-ACDE-6192BA000771}"
EndProject
Project("{FAE04EC0-301F-11D3-BF4B-00C04F79EFBC}") = "Common", "Common\Common.csproj", "{5360738E-AF2E-4D2A-91D3-771F2D5F1AED}"
EndProject
Project("{FAE04EC0-301F-11D3-BF4B-00C04F79EFBC}") = "ScreenRecord", "ScreenRecord\ScreenRecord.csproj", "{C2C8F0E7-A625-42F2-86C7-5AE7930B0693}"
EndProject
Global
	GlobalSection(SolutionConfigurationPlatforms) = preSolution
		Debug|Any CPU = Debug|Any CPU
		Debug|x64 = Debug|x64
		Debug|x86 = Debug|x86
		Release|Any CPU = Release|Any CPU
		Release|x64 = Release|x64
		Release|x86 = Release|x86
	EndGlobalSection
	GlobalSection(ProjectConfigurationPlatforms) = postSolution
		{2BAB180D-6A52-4E2E-8A16-B4E469CA90C8}.Debug|Any CPU.ActiveCfg = Debug|Any CPU
		{2BAB180D-6A52-4E2E-8A16-B4E469CA90C8}.Debug|Any CPU.Build.0 = Debug|Any CPU
		{2BAB180D-6A52-4E2E-8A16-B4E469CA90C8}.Debug|x64.ActiveCfg = Debug|x64
		{2BAB180D-6A52-4E2E-8A16-B4E469CA90C8}.Debug|x64.Build.0 = Debug|x64
		{2BAB180D-6A52-4E2E-8A16-B4E469CA90C8}.Debug|x86.ActiveCfg = Debug|x86
		{2BAB180D-6A52-4E2E-8A16-B4E469CA90C8}.Debug|x86.Build.0 = Debug|x86
		{2BAB180D-6A52-4E2E-8A16-B4E469CA90C8}.Release|Any CPU.ActiveCfg = Release|Any CPU
		{2BAB180D-6A52-4E2E-8A16-B4E469CA90C8}.Release|Any CPU.Build.0 = Release|Any CPU
		{2BAB180D-6A52-4E2E-8A16-B4E469CA90C8}.Release|x64.ActiveCfg = Release|x64
		{2BAB180D-6A52-4E2E-8A16-B4E469CA90C8}.Release|x64.Build.0 = Release|x64
		{2BAB180D-6A52-4E2E-8A16-B4E469CA90C8}.Release|x86.ActiveCfg = Release|x86
		{2BAB180D-6A52-4E2E-8A16-B4E469CA90C8}.Release|x86.Build.0 = Release|x86
		{379C2D4E-ADC8-4998-ACDE-6192BA000771}.Debug|Any CPU.ActiveCfg = Debug|Any CPU
		{379C2D4E-ADC8-4998-ACDE-6192BA000771}.Debug|Any CPU.Build.0 = Debug|Any CPU
		{379C2D4E-ADC8-4998-ACDE-6192BA000771}.Debug|x64.ActiveCfg = Debug|Any CPU
		{379C2D4E-ADC8-4998-ACDE-6192BA000771}.Debug|x64.Build.0 = Debug|Any CPU
		{379C2D4E-ADC8-4998-ACDE-6192BA000771}.Debug|x86.ActiveCfg = Debug|Any CPU
		{379C2D4E-ADC8-4998-ACDE-6192BA000771}.Debug|x86.Build.0 = Debug|Any CPU
		{379C2D4E-ADC8-4998-ACDE-6192BA000771}.Release|Any CPU.ActiveCfg = Release|Any CPU
		{379C2D4E-ADC8-4998-ACDE-6192BA000771}.Release|Any CPU.Build.0 = Release|Any CPU
		{379C2D4E-ADC8-4998-ACDE-6192BA000771}.Release|x64.ActiveCfg = Release|Any CPU
		{379C2D4E-ADC8-4998-ACDE-6192BA000771}.Release|x64.Build.0 = Release|Any CPU
		{379C2D4E-ADC8-4998-ACDE-6192BA000771}.Release|x86.ActiveCfg = Release|Any CPU
		{379C2D4E-ADC8-4998-ACDE-6192BA000771}.Release|x86.Build.0 = Release|Any CPU
		{5360738E-AF2E-4D2A-91D3-771F2D5F1AED}.Debug|Any CPU.ActiveCfg = Debug|Any CPU
		{5360738E-AF2E-4D2A-91D3-771F2D5F1AED}.Debug|Any CPU.Build.0 = Debug|Any CPU
		{5360738E-AF2E-4D2A-91D3-771F2D5F1AED}.Debug|x64.ActiveCfg = Debug|Any CPU
		{5360738E-AF2E-4D2A-91D3-771F2D5F1AED}.Debug|x64.Build.0 = Debug|Any CPU
		{5360738E-AF2E-4D2A-91D3-771F2D5F1AED}.Debug|x86.ActiveCfg = Debug|Any CPU
		{5360738E-AF2E-4D2A-91D3-771F2D5F1AED}.Debug|x86.Build.0 = Debug|Any CPU
		{5360738E-AF2E-4D2A-91D3-771F2D5F1AED}.Release|Any CPU.ActiveCfg = Release|Any CPU
		{5360738E-AF2E-4D2A-91D3-771F2D5F1AED}.Release|Any CPU.Build.0 = Release|Any CPU
		{5360738E-AF2E-4D2A-91D3-771F2D5F1AED}.Release|x64.ActiveCfg = Release|Any CPU
		{5360738E-AF2E-4D2A-91D3-771F2D5F1AED}.Release|x64.Build.0 = Release|Any CPU
		{5360738E-AF2E-4D2A-91D3-771F2D5F1AED}.Release|x86.ActiveCfg = Release|Any CPU
		{5360738E-AF2E-4D2A-91D3-771F2D5F1AED}.Release|x86.Build.0 = Release|Any CPU
		{C2C8F0E7-A625-42F2-86C7-5AE7930B0693}.Debug|Any CPU.ActiveCfg = Debug|Any CPU
		{C2C8F0E7-A625-42F2-86C7-5AE7930B0693}.Debug|Any CPU.Build.0 = Debug|Any CPU
		{C2C8F0E7-A625-42F2-86C7-5AE7930B0693}.Debug|x64.ActiveCfg = Debug|Any CPU
		{C2C8F0E7-A625-42F2-86C7-5AE7930B0693}.Debug|x64.Build.0 = Debug|Any CPU
		{C2C8F0E7-A625-42F2-86C7-5AE7930B0693}.Debug|x86.ActiveCfg = Debug|x86
		{C2C8F0E7-A625-42F2-86C7-5AE7930B0693}.Debug|x86.Build.0 = Debug|x86
		{C2C8F0E7-A625-42F2-86C7-5AE7930B0693}.Release|Any CPU.ActiveCfg = Release|Any CPU
		{C2C8F0E7-A625-42F2-86C7-5AE7930B0693}.Release|Any CPU.Build.0 = Release|Any CPU
		{C2C8F0E7-A625-42F2-86C7-5AE7930B0693}.Release|x64.ActiveCfg = Release|Any CPU
		{C2C8F0E7-A625-42F2-86C7-5AE7930B0693}.Release|x64.Build.0 = Release|Any CPU
		{C2C8F0E7-A625-42F2-86C7-5AE7930B0693}.Release|x86.ActiveCfg = Release|x86
		{C2C8F0E7-A625-42F2-86C7-5AE7930B0693}.Release|x86.Build.0 = Release|x86
	EndGlobalSection
	GlobalSection(SolutionProperties) = preSolution
		HideSolutionNode = FALSE
	EndGlobalSection
	GlobalSection(ExtensibilityGlobals) = postSolution
		SolutionGuid = {9E5B86E7-3043-469B-ADAB-AA1401264CC4}
	EndGlobalSection
EndGlobal
